# THIS IS AN AUTOGENERATED FILE. DO NOT EDIT THIS FILE DIRECTLY.
# yarn lockfile v1


"@types/anymatch@*":
  version "1.3.1"
  resolved "https://registry.yarnpkg.com/@types/anymatch/-/anymatch-1.3.1.tgz#336badc1beecb9dacc38bea2cf32adf627a8421a"

"@types/loader-utils@^1.1.3":
  version "1.1.3"
  resolved "https://registry.yarnpkg.com/@types/loader-utils/-/loader-utils-1.1.3.tgz#82b9163f2ead596c68a8c03e450fbd6e089df401"
  dependencies:
    "@types/node" "*"
    "@types/webpack" "*"

"@types/node@*":
  version "11.11.3"
  resolved "https://registry.yarnpkg.com/@types/node/-/node-11.11.3.tgz#7c6b0f8eaf16ae530795de2ad1b85d34bf2f5c58"

"@types/promise@^7.1.30":
  version "7.1.30"
  resolved "https://registry.yarnpkg.com/@types/promise/-/promise-7.1.30.tgz#1b6714b321fdfc54d1527e7a17116a0e1f2ab810"

"@types/tapable@*":
  version "1.0.4"
  resolved "https://registry.yarnpkg.com/@types/tapable/-/tapable-1.0.4.tgz#b4ffc7dc97b498c969b360a41eee247f82616370"

"@types/uglify-js@*":
  version "3.0.4"
  resolved "https://registry.yarnpkg.com/@types/uglify-js/-/uglify-js-3.0.4.tgz#96beae23df6f561862a830b4288a49e86baac082"
  dependencies:
    source-map "^0.6.1"

"@types/webassembly-js-api@0.0.2":
  version "0.0.2"
  resolved "https://registry.yarnpkg.com/@types/webassembly-js-api/-/webassembly-js-api-0.0.2.tgz#43a04bd75fa20332133c6c3986156bfeb4a3ced7"

"@types/webpack@*", "@types/webpack@^4.4.23":
  version "4.4.25"
  resolved "https://registry.yarnpkg.com/@types/webpack/-/webpack-4.4.25.tgz#c8a1eb968a33a3e6da641f529c5add0d44d34809"
  dependencies:
    "@types/anymatch" "*"
    "@types/node" "*"
    "@types/tapable" "*"
    "@types/uglify-js" "*"
    source-map "^0.6.0"

big.js@^5.2.2:
  version "5.2.2"
  resolved "https://registry.yarnpkg.com/big.js/-/big.js-5.2.2.tgz#65f0af382f578bcdc742bd9c281e9cb2d7768328"

emojis-list@^2.0.0:
  version "2.1.0"
  resolved "https://registry.yarnpkg.com/emojis-list/-/emojis-list-2.1.0.tgz#4daa4d9db00f9819880c79fa457ae5b09a1fd389"

json5@^1.0.1:
  version "1.0.1"
  resolved "https://registry.yarnpkg.com/json5/-/json5-1.0.1.tgz#779fb0018604fa854eacbf6252180d83543e3dbe"
  dependencies:
    minimist "^1.2.0"

loader-utils@^1.2.3:
  version "1.2.3"
  resolved "https://registry.yarnpkg.com/loader-utils/-/loader-utils-1.2.3.tgz#1ff5dc6911c9f0a062531a4c04b609406108c2c7"
  dependencies:
    big.js "^5.2.2"
    emojis-list "^2.0.0"
    json5 "^1.0.1"

minimist@^1.2.0:
  version "1.2.0"
  resolved "https://registry.yarnpkg.com/minimist/-/minimist-1.2.0.tgz#a35008b20f41383eec1fb914f4cd5df79a264284"

postinstall-build@^5.0.3:
  version "5.0.3"
  resolved "https://registry.yarnpkg.com/postinstall-build/-/postinstall-build-5.0.3.tgz#238692f712a481d8f5bc8960e94786036241efc7"

source-map@^0.6.0, source-map@^0.6.1:
  version "0.6.1"
  resolved "https://registry.yarnpkg.com/source-map/-/source-map-0.6.1.tgz#74722af32e9614e9c287a8d0bbde48b5e2f1a263"

typescript@^3.2.4:
  version "3.3.3333"
  resolved "https://registry.yarnpkg.com/typescript/-/typescript-3.3.3333.tgz#171b2c5af66c59e9431199117a3bcadc66fdcfd6"
